
Microsoft Visual Studio Solution File, Format Version 12.00
Project("{FAE04EC0-301F-11D3-BF4B-00C04F79EFBC}") = "Beckett", "src\Beckett\Beckett.csproj", "{7E81AEFB-09EB-4049-8B64-952DD67C7BCF}"
EndProject
Project("{2150E333-8FDC-42A3-9474-1A3956D46DE8}") = "Samples", "samples", "{A75ADB60-FDB3-48B5-82AA-FE7032842EF5}"
EndProject
Project("{FAE04EC0-301F-11D3-BF4B-00C04F79EFBC}") = "API", "samples\TaskHub\API\API.csproj", "{5BA49F81-1C48-4B40-9BAD-27DB2A7C5E60}"
EndProject
Project("{FAE04EC0-301F-11D3-BF4B-00C04F79EFBC}") = "Worker", "samples\TaskHub\Worker\Worker.csproj", "{8AE829DD-CBC9-4923-A648-6D0CDDD9AFB6}"
EndProject
Project("{FAE04EC0-301F-11D3-BF4B-00C04F79EFBC}") = "TaskHub", "samples\TaskHub\TaskHub\TaskHub.csproj", "{DCBF99F1-DCD0-45C8-B578-2713AB8065E4}"
EndProject
Project("{FAE04EC0-301F-11D3-BF4B-00C04F79EFBC}") = "Beckett.Tests", "src\Beckett.Tests\Beckett.Tests.csproj", "{F7019FAB-7568-4F7A-B6E2-C9473DB05B63}"
EndProject
Project("{FAE04EC0-301F-11D3-BF4B-00C04F79EFBC}") = "Beckett.Dashboard", "src\Beckett.Dashboard\Beckett.Dashboard.csproj", "{16B9AAA4-7DD5-4DA8-BAC6-E6885E18410A}"
EndProject
Project("{2150E333-8FDC-42A3-9474-1A3956D46DE8}") = "TaskHub", "TaskHub", "{EF59B95F-62EA-40AC-9F27-121138C1D031}"
EndProject
Project("{FAE04EC0-301F-11D3-BF4B-00C04F79EFBC}") = "HelloWorld", "samples\HelloWorld\HelloWorld.csproj", "{A6C25539-9192-4C78-90AF-625F3EB0FF28}"
EndProject
Project("{FAE04EC0-301F-11D3-BF4B-00C04F79EFBC}") = "Tests", "samples\TaskHub\Tests\Tests.csproj", "{1F8FEB9A-51E3-4B12-88AF-F406FA57FAE1}"
EndProject
Project("{FAE04EC0-301F-11D3-BF4B-00C04F79EFBC}") = "Core.SourceGenerators", "samples\Core.SourceGenerators\Core.SourceGenerators.csproj", "{EC879396-BCE4-47F8-A1B2-53F140474E10}"
EndProject
Project("{FAE04EC0-301F-11D3-BF4B-00C04F79EFBC}") = "Core.Tests", "samples\Core.Tests\Core.Tests.csproj", "{E04531CC-57C0-4D74-A59F-6F7DB79F294D}"
EndProject
Project("{FAE04EC0-301F-11D3-BF4B-00C04F79EFBC}") = "Core", "samples\Core\Core.csproj", "{97BFBF43-DFB5-4CD1-B7B3-3E06F8D79F4E}"
EndProject
Project("{FAE04EC0-301F-11D3-BF4B-00C04F79EFBC}") = "Core.Testing", "samples\Core.Testing\Core.Testing.csproj", "{982B49D1-85C7-42E3-86A0-2CE2C7DD064D}"
EndProject
Project("{FAE04EC0-301F-11D3-BF4B-00C04F79EFBC}") = "Core.Contracts", "samples\Core.Contracts\Core.Contracts.csproj", "{46322E03-AB73-4D6D-8A74-8D35B74028B9}"
EndProject
Project("{FAE04EC0-301F-11D3-BF4B-00C04F79EFBC}") = "Contracts", "samples\TaskHub\Contracts\Contracts.csproj", "{F8A2F497-6087-4834-9E86-74590D3669B2}"
EndProject
Global
	GlobalSection(SolutionConfigurationPlatforms) = preSolution
		Debug|Any CPU = Debug|Any CPU
		Release|Any CPU = Release|Any CPU
	EndGlobalSection
	GlobalSection(ProjectConfigurationPlatforms) = postSolution
		{7E81AEFB-09EB-4049-8B64-952DD67C7BCF}.Debug|Any CPU.ActiveCfg = Debug|Any CPU
		{7E81AEFB-09EB-4049-8B64-952DD67C7BCF}.Debug|Any CPU.Build.0 = Debug|Any CPU
		{7E81AEFB-09EB-4049-8B64-952DD67C7BCF}.Release|Any CPU.ActiveCfg = Release|Any CPU
		{7E81AEFB-09EB-4049-8B64-952DD67C7BCF}.Release|Any CPU.Build.0 = Release|Any CPU
		{5BA49F81-1C48-4B40-9BAD-27DB2A7C5E60}.Debug|Any CPU.ActiveCfg = Debug|Any CPU
		{5BA49F81-1C48-4B40-9BAD-27DB2A7C5E60}.Debug|Any CPU.Build.0 = Debug|Any CPU
		{5BA49F81-1C48-4B40-9BAD-27DB2A7C5E60}.Release|Any CPU.ActiveCfg = Release|Any CPU
		{5BA49F81-1C48-4B40-9BAD-27DB2A7C5E60}.Release|Any CPU.Build.0 = Release|Any CPU
		{8AE829DD-CBC9-4923-A648-6D0CDDD9AFB6}.Debug|Any CPU.ActiveCfg = Debug|Any CPU
		{8AE829DD-CBC9-4923-A648-6D0CDDD9AFB6}.Debug|Any CPU.Build.0 = Debug|Any CPU
		{8AE829DD-CBC9-4923-A648-6D0CDDD9AFB6}.Release|Any CPU.ActiveCfg = Release|Any CPU
		{8AE829DD-CBC9-4923-A648-6D0CDDD9AFB6}.Release|Any CPU.Build.0 = Release|Any CPU
		{DCBF99F1-DCD0-45C8-B578-2713AB8065E4}.Debug|Any CPU.ActiveCfg = Debug|Any CPU
		{DCBF99F1-DCD0-45C8-B578-2713AB8065E4}.Debug|Any CPU.Build.0 = Debug|Any CPU
		{DCBF99F1-DCD0-45C8-B578-2713AB8065E4}.Release|Any CPU.ActiveCfg = Release|Any CPU
		{DCBF99F1-DCD0-45C8-B578-2713AB8065E4}.Release|Any CPU.Build.0 = Release|Any CPU
		{F7019FAB-7568-4F7A-B6E2-C9473DB05B63}.Debug|Any CPU.ActiveCfg = Debug|Any CPU
		{F7019FAB-7568-4F7A-B6E2-C9473DB05B63}.Debug|Any CPU.Build.0 = Debug|Any CPU
		{F7019FAB-7568-4F7A-B6E2-C9473DB05B63}.Release|Any CPU.ActiveCfg = Release|Any CPU
		{F7019FAB-7568-4F7A-B6E2-C9473DB05B63}.Release|Any CPU.Build.0 = Release|Any CPU
		{16B9AAA4-7DD5-4DA8-BAC6-E6885E18410A}.Debug|Any CPU.ActiveCfg = Debug|Any CPU
		{16B9AAA4-7DD5-4DA8-BAC6-E6885E18410A}.Debug|Any CPU.Build.0 = Debug|Any CPU
		{16B9AAA4-7DD5-4DA8-BAC6-E6885E18410A}.Release|Any CPU.ActiveCfg = Release|Any CPU
		{16B9AAA4-7DD5-4DA8-BAC6-E6885E18410A}.Release|Any CPU.Build.0 = Release|Any CPU
		{A6C25539-9192-4C78-90AF-625F3EB0FF28}.Debug|Any CPU.ActiveCfg = Debug|Any CPU
		{A6C25539-9192-4C78-90AF-625F3EB0FF28}.Debug|Any CPU.Build.0 = Debug|Any CPU
		{A6C25539-9192-4C78-90AF-625F3EB0FF28}.Release|Any CPU.ActiveCfg = Release|Any CPU
		{A6C25539-9192-4C78-90AF-625F3EB0FF28}.Release|Any CPU.Build.0 = Release|Any CPU
		{1F8FEB9A-51E3-4B12-88AF-F406FA57FAE1}.Debug|Any CPU.ActiveCfg = Debug|Any CPU
		{1F8FEB9A-51E3-4B12-88AF-F406FA57FAE1}.Debug|Any CPU.Build.0 = Debug|Any CPU
		{1F8FEB9A-51E3-4B12-88AF-F406FA57FAE1}.Release|Any CPU.ActiveCfg = Release|Any CPU
		{1F8FEB9A-51E3-4B12-88AF-F406FA57FAE1}.Release|Any CPU.Build.0 = Release|Any CPU
		{EC879396-BCE4-47F8-A1B2-53F140474E10}.Debug|Any CPU.ActiveCfg = Debug|Any CPU
		{EC879396-BCE4-47F8-A1B2-53F140474E10}.Debug|Any CPU.Build.0 = Debug|Any CPU
		{EC879396-BCE4-47F8-A1B2-53F140474E10}.Release|Any CPU.ActiveCfg = Release|Any CPU
		{EC879396-BCE4-47F8-A1B2-53F140474E10}.Release|Any CPU.Build.0 = Release|Any CPU
		{E04531CC-57C0-4D74-A59F-6F7DB79F294D}.Debug|Any CPU.ActiveCfg = Debug|Any CPU
		{E04531CC-57C0-4D74-A59F-6F7DB79F294D}.Debug|Any CPU.Build.0 = Debug|Any CPU
		{E04531CC-57C0-4D74-A59F-6F7DB79F294D}.Release|Any CPU.ActiveCfg = Release|Any CPU
		{E04531CC-57C0-4D74-A59F-6F7DB79F294D}.Release|Any CPU.Build.0 = Release|Any CPU
		{97BFBF43-DFB5-4CD1-B7B3-3E06F8D79F4E}.Debug|Any CPU.ActiveCfg = Debug|Any CPU
		{97BFBF43-DFB5-4CD1-B7B3-3E06F8D79F4E}.Debug|Any CPU.Build.0 = Debug|Any CPU
		{97BFBF43-DFB5-4CD1-B7B3-3E06F8D79F4E}.Release|Any CPU.ActiveCfg = Release|Any CPU
		{97BFBF43-DFB5-4CD1-B7B3-3E06F8D79F4E}.Release|Any CPU.Build.0 = Release|Any CPU
		{982B49D1-85C7-42E3-86A0-2CE2C7DD064D}.Debug|Any CPU.ActiveCfg = Debug|Any CPU
		{982B49D1-85C7-42E3-86A0-2CE2C7DD064D}.Debug|Any CPU.Build.0 = Debug|Any CPU
		{982B49D1-85C7-42E3-86A0-2CE2C7DD064D}.Release|Any CPU.ActiveCfg = Release|Any CPU
		{982B49D1-85C7-42E3-86A0-2CE2C7DD064D}.Release|Any CPU.Build.0 = Release|Any CPU
		{46322E03-AB73-4D6D-8A74-8D35B74028B9}.Debug|Any CPU.ActiveCfg = Debug|Any CPU
		{46322E03-AB73-4D6D-8A74-8D35B74028B9}.Debug|Any CPU.Build.0 = Debug|Any CPU
		{46322E03-AB73-4D6D-8A74-8D35B74028B9}.Release|Any CPU.ActiveCfg = Release|Any CPU
		{46322E03-AB73-4D6D-8A74-8D35B74028B9}.Release|Any CPU.Build.0 = Release|Any CPU
		{F8A2F497-6087-4834-9E86-74590D3669B2}.Debug|Any CPU.ActiveCfg = Debug|Any CPU
		{F8A2F497-6087-4834-9E86-74590D3669B2}.Debug|Any CPU.Build.0 = Debug|Any CPU
		{F8A2F497-6087-4834-9E86-74590D3669B2}.Release|Any CPU.ActiveCfg = Release|Any CPU
		{F8A2F497-6087-4834-9E86-74590D3669B2}.Release|Any CPU.Build.0 = Release|Any CPU
	EndGlobalSection
	GlobalSection(NestedProjects) = preSolution
		{EF59B95F-62EA-40AC-9F27-121138C1D031} = {A75ADB60-FDB3-48B5-82AA-FE7032842EF5}
		{5BA49F81-1C48-4B40-9BAD-27DB2A7C5E60} = {EF59B95F-62EA-40AC-9F27-121138C1D031}
		{DCBF99F1-DCD0-45C8-B578-2713AB8065E4} = {EF59B95F-62EA-40AC-9F27-121138C1D031}
		{8AE829DD-CBC9-4923-A648-6D0CDDD9AFB6} = {EF59B95F-62EA-40AC-9F27-121138C1D031}
		{A6C25539-9192-4C78-90AF-625F3EB0FF28} = {A75ADB60-FDB3-48B5-82AA-FE7032842EF5}
		{1F8FEB9A-51E3-4B12-88AF-F406FA57FAE1} = {EF59B95F-62EA-40AC-9F27-121138C1D031}
		{EC879396-BCE4-47F8-A1B2-53F140474E10} = {A75ADB60-FDB3-48B5-82AA-FE7032842EF5}
		{E04531CC-57C0-4D74-A59F-6F7DB79F294D} = {A75ADB60-FDB3-48B5-82AA-FE7032842EF5}
		{97BFBF43-DFB5-4CD1-B7B3-3E06F8D79F4E} = {A75ADB60-FDB3-48B5-82AA-FE7032842EF5}
		{982B49D1-85C7-42E3-86A0-2CE2C7DD064D} = {A75ADB60-FDB3-48B5-82AA-FE7032842EF5}
		{46322E03-AB73-4D6D-8A74-8D35B74028B9} = {A75ADB60-FDB3-48B5-82AA-FE7032842EF5}
		{F8A2F497-6087-4834-9E86-74590D3669B2} = {EF59B95F-62EA-40AC-9F27-121138C1D031}
	EndGlobalSection
EndGlobal
