
Microsoft Visual Studio Solution File, Format Version 12.00
Project("{FAE04EC0-301F-11D3-BF4B-00C04F79EFBC}") = "Beckett", "src\Beckett\Beckett.csproj", "{7E81AEFB-09EB-4049-8B64-952DD67C7BCF}"
EndProject
Project("{2150E333-8FDC-42A3-9474-1A3956D46DE8}") = "Samples", "samples", "{A75ADB60-FDB3-48B5-82AA-FE7032842EF5}"
EndProject
Project("{FAE04EC0-301F-11D3-BF4B-00C04F79EFBC}") = "API", "samples\TaskHub\API\API.csproj", "{5BA49F81-1C48-4B40-9BAD-27DB2A7C5E60}"
EndProject
Project("{FAE04EC0-301F-11D3-BF4B-00C04F79EFBC}") = "Worker", "samples\TaskHub\Worker\Worker.csproj", "{8AE829DD-CBC9-4923-A648-6D0CDDD9AFB6}"
EndProject
Project("{FAE04EC0-301F-11D3-BF4B-00C04F79EFBC}") = "TaskHub", "samples\TaskHub\TaskHub\TaskHub.csproj", "{DCBF99F1-DCD0-45C8-B578-2713AB8065E4}"
EndProject
Project("{FAE04EC0-301F-11D3-BF4B-00C04F79EFBC}") = "Beckett.Tests", "src\Beckett.Tests\Beckett.Tests.csproj", "{F7019FAB-7568-4F7A-B6E2-C9473DB05B63}"
EndProject
Project("{FAE04EC0-301F-11D3-BF4B-00C04F79EFBC}") = "Beckett.Dashboard", "src\Beckett.Dashboard\Beckett.Dashboard.csproj", "{16B9AAA4-7DD5-4DA8-BAC6-E6885E18410A}"
EndProject
Project("{2150E333-8FDC-42A3-9474-1A3956D46DE8}") = "TaskHub", "TaskHub", "{EF59B95F-62EA-40AC-9F27-121138C1D031}"
EndProject
Project("{FAE04EC0-301F-11D3-BF4B-00C04F79EFBC}") = "Tests", "samples\TaskHub\Tests\Tests.csproj", "{8769D44A-2CDB-4228-988A-0ADB548FDB1D}"
EndProject
Project("{FAE04EC0-301F-11D3-BF4B-00C04F79EFBC}") = "Beckett.Testing", "src\Beckett.Testing\Beckett.Testing.csproj", "{238A0F1F-0B14-4F53-92C1-A32488A8A96B}"
EndProject
Project("{FAE04EC0-301F-11D3-BF4B-00C04F79EFBC}") = "Beckett.SourceGenerators", "src\Beckett.SourceGenerators\Beckett.SourceGenerators.csproj", "{F75D8D08-1665-4C89-9BF3-775DB452C084}"
EndProject
Global
	GlobalSection(SolutionConfigurationPlatforms) = preSolution
		Debug|Any CPU = Debug|Any CPU
		Release|Any CPU = Release|Any CPU
	EndGlobalSection
	GlobalSection(ProjectConfigurationPlatforms) = postSolution
		{7E81AEFB-09EB-4049-8B64-952DD67C7BCF}.Debug|Any CPU.ActiveCfg = Debug|Any CPU
		{7E81AEFB-09EB-4049-8B64-952DD67C7BCF}.Debug|Any CPU.Build.0 = Debug|Any CPU
		{7E81AEFB-09EB-4049-8B64-952DD67C7BCF}.Release|Any CPU.ActiveCfg = Release|Any CPU
		{7E81AEFB-09EB-4049-8B64-952DD67C7BCF}.Release|Any CPU.Build.0 = Release|Any CPU
		{5BA49F81-1C48-4B40-9BAD-27DB2A7C5E60}.Debug|Any CPU.ActiveCfg = Debug|Any CPU
		{5BA49F81-1C48-4B40-9BAD-27DB2A7C5E60}.Debug|Any CPU.Build.0 = Debug|Any CPU
		{5BA49F81-1C48-4B40-9BAD-27DB2A7C5E60}.Release|Any CPU.ActiveCfg = Release|Any CPU
		{5BA49F81-1C48-4B40-9BAD-27DB2A7C5E60}.Release|Any CPU.Build.0 = Release|Any CPU
		{8AE829DD-CBC9-4923-A648-6D0CDDD9AFB6}.Debug|Any CPU.ActiveCfg = Debug|Any CPU
		{8AE829DD-CBC9-4923-A648-6D0CDDD9AFB6}.Debug|Any CPU.Build.0 = Debug|Any CPU
		{8AE829DD-CBC9-4923-A648-6D0CDDD9AFB6}.Release|Any CPU.ActiveCfg = Release|Any CPU
		{8AE829DD-CBC9-4923-A648-6D0CDDD9AFB6}.Release|Any CPU.Build.0 = Release|Any CPU
		{DCBF99F1-DCD0-45C8-B578-2713AB8065E4}.Debug|Any CPU.ActiveCfg = Debug|Any CPU
		{DCBF99F1-DCD0-45C8-B578-2713AB8065E4}.Debug|Any CPU.Build.0 = Debug|Any CPU
		{DCBF99F1-DCD0-45C8-B578-2713AB8065E4}.Release|Any CPU.ActiveCfg = Release|Any CPU
		{DCBF99F1-DCD0-45C8-B578-2713AB8065E4}.Release|Any CPU.Build.0 = Release|Any CPU
		{F7019FAB-7568-4F7A-B6E2-C9473DB05B63}.Debug|Any CPU.ActiveCfg = Debug|Any CPU
		{F7019FAB-7568-4F7A-B6E2-C9473DB05B63}.Debug|Any CPU.Build.0 = Debug|Any CPU
		{F7019FAB-7568-4F7A-B6E2-C9473DB05B63}.Release|Any CPU.ActiveCfg = Release|Any CPU
		{F7019FAB-7568-4F7A-B6E2-C9473DB05B63}.Release|Any CPU.Build.0 = Release|Any CPU
		{16B9AAA4-7DD5-4DA8-BAC6-E6885E18410A}.Debug|Any CPU.ActiveCfg = Debug|Any CPU
		{16B9AAA4-7DD5-4DA8-BAC6-E6885E18410A}.Debug|Any CPU.Build.0 = Debug|Any CPU
		{16B9AAA4-7DD5-4DA8-BAC6-E6885E18410A}.Release|Any CPU.ActiveCfg = Release|Any CPU
		{16B9AAA4-7DD5-4DA8-BAC6-E6885E18410A}.Release|Any CPU.Build.0 = Release|Any CPU
		{8769D44A-2CDB-4228-988A-0ADB548FDB1D}.Debug|Any CPU.ActiveCfg = Debug|Any CPU
		{8769D44A-2CDB-4228-988A-0ADB548FDB1D}.Debug|Any CPU.Build.0 = Debug|Any CPU
		{8769D44A-2CDB-4228-988A-0ADB548FDB1D}.Release|Any CPU.ActiveCfg = Release|Any CPU
		{8769D44A-2CDB-4228-988A-0ADB548FDB1D}.Release|Any CPU.Build.0 = Release|Any CPU
		{238A0F1F-0B14-4F53-92C1-A32488A8A96B}.Debug|Any CPU.ActiveCfg = Debug|Any CPU
		{238A0F1F-0B14-4F53-92C1-A32488A8A96B}.Debug|Any CPU.Build.0 = Debug|Any CPU
		{238A0F1F-0B14-4F53-92C1-A32488A8A96B}.Release|Any CPU.ActiveCfg = Release|Any CPU
		{238A0F1F-0B14-4F53-92C1-A32488A8A96B}.Release|Any CPU.Build.0 = Release|Any CPU
		{F75D8D08-1665-4C89-9BF3-775DB452C084}.Debug|Any CPU.ActiveCfg = Debug|Any CPU
		{F75D8D08-1665-4C89-9BF3-775DB452C084}.Debug|Any CPU.Build.0 = Debug|Any CPU
		{F75D8D08-1665-4C89-9BF3-775DB452C084}.Release|Any CPU.ActiveCfg = Release|Any CPU
		{F75D8D08-1665-4C89-9BF3-775DB452C084}.Release|Any CPU.Build.0 = Release|Any CPU
	EndGlobalSection
	GlobalSection(NestedProjects) = preSolution
		{EF59B95F-62EA-40AC-9F27-121138C1D031} = {A75ADB60-FDB3-48B5-82AA-FE7032842EF5}
		{5BA49F81-1C48-4B40-9BAD-27DB2A7C5E60} = {EF59B95F-62EA-40AC-9F27-121138C1D031}
		{DCBF99F1-DCD0-45C8-B578-2713AB8065E4} = {EF59B95F-62EA-40AC-9F27-121138C1D031}
		{8AE829DD-CBC9-4923-A648-6D0CDDD9AFB6} = {EF59B95F-62EA-40AC-9F27-121138C1D031}
		{8769D44A-2CDB-4228-988A-0ADB548FDB1D} = {EF59B95F-62EA-40AC-9F27-121138C1D031}
	EndGlobalSection
EndGlobal
