
Microsoft Visual Studio Solution File, Format Version 12.00
Project("{FAE04EC0-301F-11D3-BF4B-00C04F79EFBC}") = "Beckett", "src\Beckett\Beckett.csproj", "{7E81AEFB-09EB-4049-8B64-952DD67C7BCF}"
EndProject
Project("{2150E333-8FDC-42A3-9474-1A3956D46DE8}") = "Samples", "samples", "{A75ADB60-FDB3-48B5-82AA-FE7032842EF5}"
EndProject
Project("{FAE04EC0-301F-11D3-BF4B-00C04F79EFBC}") = "Beckett.Tests", "src\Beckett.Tests\Beckett.Tests.csproj", "{F7019FAB-7568-4F7A-B6E2-C9473DB05B63}"
EndProject
Project("{FAE04EC0-301F-11D3-BF4B-00C04F79EFBC}") = "Beckett.Dashboard", "src\Beckett.Dashboard\Beckett.Dashboard.csproj", "{16B9AAA4-7DD5-4DA8-BAC6-E6885E18410A}"
EndProject
Project("{FAE04EC0-301F-11D3-BF4B-00C04F79EFBC}") = "HelloWorld", "samples\HelloWorld\HelloWorld.csproj", "{A6C25539-9192-4C78-90AF-625F3EB0FF28}"
EndProject
Project("{2150E333-8FDC-42A3-9474-1A3956D46DE8}") = "TodoList", "TodoList", "{B2CCB5DB-00A6-4BCD-ACF0-FCB089442308}"
EndProject
Project("{FAE04EC0-301F-11D3-BF4B-00C04F79EFBC}") = "TodoList", "samples\TodoList\TodoList\TodoList.csproj", "{964C180C-F64C-42B6-8A78-88BA7B7BEA5C}"
EndProject
Project("{FAE04EC0-301F-11D3-BF4B-00C04F79EFBC}") = "API", "samples\TodoList\API\API.csproj", "{C599619E-0D1C-4240-B275-E4C841716C9D}"
EndProject
Project("{FAE04EC0-301F-11D3-BF4B-00C04F79EFBC}") = "Worker", "samples\TodoList\Worker\Worker.csproj", "{194BE2C7-D954-4594-8933-EBEF4C65C3C3}"
EndProject
Global
	GlobalSection(SolutionConfigurationPlatforms) = preSolution
		Debug|Any CPU = Debug|Any CPU
		Release|Any CPU = Release|Any CPU
	EndGlobalSection
	GlobalSection(ProjectConfigurationPlatforms) = postSolution
		{7E81AEFB-09EB-4049-8B64-952DD67C7BCF}.Debug|Any CPU.ActiveCfg = Debug|Any CPU
		{7E81AEFB-09EB-4049-8B64-952DD67C7BCF}.Debug|Any CPU.Build.0 = Debug|Any CPU
		{7E81AEFB-09EB-4049-8B64-952DD67C7BCF}.Release|Any CPU.ActiveCfg = Release|Any CPU
		{7E81AEFB-09EB-4049-8B64-952DD67C7BCF}.Release|Any CPU.Build.0 = Release|Any CPU
		{F7019FAB-7568-4F7A-B6E2-C9473DB05B63}.Debug|Any CPU.ActiveCfg = Debug|Any CPU
		{F7019FAB-7568-4F7A-B6E2-C9473DB05B63}.Debug|Any CPU.Build.0 = Debug|Any CPU
		{F7019FAB-7568-4F7A-B6E2-C9473DB05B63}.Release|Any CPU.ActiveCfg = Release|Any CPU
		{F7019FAB-7568-4F7A-B6E2-C9473DB05B63}.Release|Any CPU.Build.0 = Release|Any CPU
		{16B9AAA4-7DD5-4DA8-BAC6-E6885E18410A}.Debug|Any CPU.ActiveCfg = Debug|Any CPU
		{16B9AAA4-7DD5-4DA8-BAC6-E6885E18410A}.Debug|Any CPU.Build.0 = Debug|Any CPU
		{16B9AAA4-7DD5-4DA8-BAC6-E6885E18410A}.Release|Any CPU.ActiveCfg = Release|Any CPU
		{16B9AAA4-7DD5-4DA8-BAC6-E6885E18410A}.Release|Any CPU.Build.0 = Release|Any CPU
		{A6C25539-9192-4C78-90AF-625F3EB0FF28}.Debug|Any CPU.ActiveCfg = Debug|Any CPU
		{A6C25539-9192-4C78-90AF-625F3EB0FF28}.Debug|Any CPU.Build.0 = Debug|Any CPU
		{A6C25539-9192-4C78-90AF-625F3EB0FF28}.Release|Any CPU.ActiveCfg = Release|Any CPU
		{A6C25539-9192-4C78-90AF-625F3EB0FF28}.Release|Any CPU.Build.0 = Release|Any CPU
		{964C180C-F64C-42B6-8A78-88BA7B7BEA5C}.Debug|Any CPU.ActiveCfg = Debug|Any CPU
		{964C180C-F64C-42B6-8A78-88BA7B7BEA5C}.Debug|Any CPU.Build.0 = Debug|Any CPU
		{964C180C-F64C-42B6-8A78-88BA7B7BEA5C}.Release|Any CPU.ActiveCfg = Release|Any CPU
		{964C180C-F64C-42B6-8A78-88BA7B7BEA5C}.Release|Any CPU.Build.0 = Release|Any CPU
		{C599619E-0D1C-4240-B275-E4C841716C9D}.Debug|Any CPU.ActiveCfg = Debug|Any CPU
		{C599619E-0D1C-4240-B275-E4C841716C9D}.Debug|Any CPU.Build.0 = Debug|Any CPU
		{C599619E-0D1C-4240-B275-E4C841716C9D}.Release|Any CPU.ActiveCfg = Release|Any CPU
		{C599619E-0D1C-4240-B275-E4C841716C9D}.Release|Any CPU.Build.0 = Release|Any CPU
		{194BE2C7-D954-4594-8933-EBEF4C65C3C3}.Debug|Any CPU.ActiveCfg = Debug|Any CPU
		{194BE2C7-D954-4594-8933-EBEF4C65C3C3}.Debug|Any CPU.Build.0 = Debug|Any CPU
		{194BE2C7-D954-4594-8933-EBEF4C65C3C3}.Release|Any CPU.ActiveCfg = Release|Any CPU
		{194BE2C7-D954-4594-8933-EBEF4C65C3C3}.Release|Any CPU.Build.0 = Release|Any CPU
	EndGlobalSection
	GlobalSection(NestedProjects) = preSolution
		{A6C25539-9192-4C78-90AF-625F3EB0FF28} = {A75ADB60-FDB3-48B5-82AA-FE7032842EF5}
		{B2CCB5DB-00A6-4BCD-ACF0-FCB089442308} = {A75ADB60-FDB3-48B5-82AA-FE7032842EF5}
		{964C180C-F64C-42B6-8A78-88BA7B7BEA5C} = {B2CCB5DB-00A6-4BCD-ACF0-FCB089442308}
		{C599619E-0D1C-4240-B275-E4C841716C9D} = {B2CCB5DB-00A6-4BCD-ACF0-FCB089442308}
		{194BE2C7-D954-4594-8933-EBEF4C65C3C3} = {B2CCB5DB-00A6-4BCD-ACF0-FCB089442308}
	EndGlobalSection
EndGlobal
